
Microsoft Visual Studio Solution File, Format Version 12.00
# Visual Studio Version 17
VisualStudioVersion = 17.0.32014.148
MinimumVisualStudioVersion = 10.0.40219.1
Project("{9A19103F-16F7-4668-BE54-9A1E7A4F7556}") = "MISA.QuyTrinh.Api", "MISA_QuyTrinh_GD2\MISA.QuyTrinh.Api.csproj", "{49ACACEB-476F-4E1F-8B8F-38CF15B81F71}"
EndProject
Project("{FAE04EC0-301F-11D3-BF4B-00C04F79EFBC}") = "MISA.QuyTrinh.Core", "MISA.QuyTrinh.Core\MISA.QuyTrinh.Core.csproj", "{F88F55A8-00BB-44A2-8416-0C84C65B39E8}"
EndProject
Project("{FAE04EC0-301F-11D3-BF4B-00C04F79EFBC}") = "MISA.QuyTrinh.Infrastructure", "MISA.QuyTrinh.Infrastructure\MISA.QuyTrinh.Infrastructure.csproj", "{59A9DF1F-DF32-4122-8BC4-D163121E4AE5}"
EndProject
Global
	GlobalSection(SolutionConfigurationPlatforms) = preSolution
		Debug|Any CPU = Debug|Any CPU
		Release|Any CPU = Release|Any CPU
	EndGlobalSection
	GlobalSection(ProjectConfigurationPlatforms) = postSolution
		{49ACACEB-476F-4E1F-8B8F-38CF15B81F71}.Debug|Any CPU.ActiveCfg = Debug|Any CPU
		{49ACACEB-476F-4E1F-8B8F-38CF15B81F71}.Debug|Any CPU.Build.0 = Debug|Any CPU
		{49ACACEB-476F-4E1F-8B8F-38CF15B81F71}.Release|Any CPU.ActiveCfg = Release|Any CPU
		{49ACACEB-476F-4E1F-8B8F-38CF15B81F71}.Release|Any CPU.Build.0 = Release|Any CPU
		{F88F55A8-00BB-44A2-8416-0C84C65B39E8}.Debug|Any CPU.ActiveCfg = Debug|Any CPU
		{F88F55A8-00BB-44A2-8416-0C84C65B39E8}.Debug|Any CPU.Build.0 = Debug|Any CPU
		{F88F55A8-00BB-44A2-8416-0C84C65B39E8}.Release|Any CPU.ActiveCfg = Release|Any CPU
		{F88F55A8-00BB-44A2-8416-0C84C65B39E8}.Release|Any CPU.Build.0 = Release|Any CPU
		{59A9DF1F-DF32-4122-8BC4-D163121E4AE5}.Debug|Any CPU.ActiveCfg = Debug|Any CPU
		{59A9DF1F-DF32-4122-8BC4-D163121E4AE5}.Debug|Any CPU.Build.0 = Debug|Any CPU
		{59A9DF1F-DF32-4122-8BC4-D163121E4AE5}.Release|Any CPU.ActiveCfg = Release|Any CPU
		{59A9DF1F-DF32-4122-8BC4-D163121E4AE5}.Release|Any CPU.Build.0 = Release|Any CPU
	EndGlobalSection
	GlobalSection(SolutionProperties) = preSolution
		HideSolutionNode = FALSE
	EndGlobalSection
	GlobalSection(ExtensibilityGlobals) = postSolution
		SolutionGuid = {DB47D535-5A39-47B7-8BF8-7AFF87FC56DC}
	EndGlobalSection
EndGlobal
